// !$*UTF8*$!
{
	archiveVersion = 1;
	classes = {
	};
	objectVersion = 46;
	objects = {

/* Begin PBXBuildFile section */
		0FA010BD191B6778002CD696 /* Foundation.framework in Frameworks */ = {isa = PBXBuildFile; fileRef = 0FA010BC191B6778002CD696 /* Foundation.framework */; };
		0FA010BF191B6778002CD696 /* CoreGraphics.framework in Frameworks */ = {isa = PBXBuildFile; fileRef = 0FA010BE191B6778002CD696 /* CoreGraphics.framework */; };
		0FA010C1191B6778002CD696 /* UIKit.framework in Frameworks */ = {isa = PBXBuildFile; fileRef = 0FA010C0191B6778002CD696 /* UIKit.framework */; };
		0FA010C7191B6778002CD696 /* InfoPlist.strings in Resources */ = {isa = PBXBuildFile; fileRef = 0FA010C5191B6778002CD696 /* InfoPlist.strings */; };
		0FA010C9191B6778002CD696 /* main.m in Sources */ = {isa = PBXBuildFile; fileRef = 0FA010C8191B6778002CD696 /* main.m */; };
		0FA010CD191B6778002CD696 /* AppDelegate.m in Sources */ = {isa = PBXBuildFile; fileRef = 0FA010CC191B6778002CD696 /* AppDelegate.m */; };
		0FA010CF191B6778002CD696 /* Images.xcassets in Resources */ = {isa = PBXBuildFile; fileRef = 0FA010CE191B6778002CD696 /* Images.xcassets */; };
		0FA010D6191B6778002CD696 /* XCTest.framework in Frameworks */ = {isa = PBXBuildFile; fileRef = 0FA010D5191B6778002CD696 /* XCTest.framework */; };
		0FA010D7191B6778002CD696 /* Foundation.framework in Frameworks */ = {isa = PBXBuildFile; fileRef = 0FA010BC191B6778002CD696 /* Foundation.framework */; };
		0FA010D8191B6778002CD696 /* UIKit.framework in Frameworks */ = {isa = PBXBuildFile; fileRef = 0FA010C0191B6778002CD696 /* UIKit.framework */; };
		0FA010E0191B6778002CD696 /* InfoPlist.strings in Resources */ = {isa = PBXBuildFile; fileRef = 0FA010DE191B6778002CD696 /* InfoPlist.strings */; };
		0FA010E2191B6778002CD696 /* tipCalculatorTests.m in Sources */ = {isa = PBXBuildFile; fileRef = 0FA010E1191B6778002CD696 /* tipCalculatorTests.m */; };
/* End PBXBuildFile section */

/* Begin PBXContainerItemProxy section */
		0FA010D9191B6778002CD696 /* PBXContainerItemProxy */ = {
			isa = PBXContainerItemProxy;
			containerPortal = 0FA010B1191B6778002CD696 /* Project object */;
			proxyType = 1;
			remoteGlobalIDString = 0FA010B8191B6778002CD696;
			remoteInfo = tipCalculator;
		};
/* End PBXContainerItemProxy section */

/* Begin PBXFileReference section */
		0FA010B9191B6778002CD696 /* tipCalculator.app */ = {isa = PBXFileReference; explicitFileType = wrapper.application; includeInIndex = 0; path = tipCalculator.app; sourceTree = BUILT_PRODUCTS_DIR; };
		0FA010BC191B6778002CD696 /* Foundation.framework */ = {isa = PBXFileReference; lastKnownFileType = wrapper.framework; name = Foundation.framework; path = System/Library/Frameworks/Foundation.framework; sourceTree = SDKROOT; };
		0FA010BE191B6778002CD696 /* CoreGraphics.framework */ = {isa = PBXFileReference; lastKnownFileType = wrapper.framework; name = CoreGraphics.framework; path = System/Library/Frameworks/CoreGraphics.framework; sourceTree = SDKROOT; };
		0FA010C0191B6778002CD696 /* UIKit.framework */ = {isa = PBXFileReference; lastKnownFileType = wrapper.framework; name = UIKit.framework; path = System/Library/Frameworks/UIKit.framework; sourceTree = SDKROOT; };
		0FA010C4191B6778002CD696 /* tipCalculator-Info.plist */ = {isa = PBXFileReference; lastKnownFileType = text.plist.xml; path = "tipCalculator-Info.plist"; sourceTree = "<group>"; };
		0FA010C6191B6778002CD696 /* en */ = {isa = PBXFileReference; lastKnownFileType = text.plist.strings; name = en; path = en.lproj/InfoPlist.strings; sourceTree = "<group>"; };
		0FA010C8191B6778002CD696 /* main.m */ = {isa = PBXFileReference; lastKnownFileType = sourcecode.c.objc; path = main.m; sourceTree = "<group>"; };
		0FA010CA191B6778002CD696 /* tipCalculator-Prefix.pch */ = {isa = PBXFileReference; lastKnownFileType = sourcecode.c.h; path = "tipCalculator-Prefix.pch"; sourceTree = "<group>"; };
		0FA010CB191B6778002CD696 /* AppDelegate.h */ = {isa = PBXFileReference; lastKnownFileType = sourcecode.c.h; path = AppDelegate.h; sourceTree = "<group>"; };
		0FA010CC191B6778002CD696 /* AppDelegate.m */ = {isa = PBXFileReference; lastKnownFileType = sourcecode.c.objc; path = AppDelegate.m; sourceTree = "<group>"; };
		0FA010CE191B6778002CD696 /* Images.xcassets */ = {isa = PBXFileReference; lastKnownFileType = folder.assetcatalog; path = Images.xcassets; sourceTree = "<group>"; };
		0FA010D4191B6778002CD696 /* tipCalculatorTests.xctest */ = {isa = PBXFileReference; explicitFileType = wrapper.cfbundle; includeInIndex = 0; path = tipCalculatorTests.xctest; sourceTree = BUILT_PRODUCTS_DIR; };
		0FA010D5191B6778002CD696 /* XCTest.framework */ = {isa = PBXFileReference; lastKnownFileType = wrapper.framework; name = XCTest.framework; path = Library/Frameworks/XCTest.framework; sourceTree = DEVELOPER_DIR; };
		0FA010DD191B6778002CD696 /* tipCalculatorTests-Info.plist */ = {isa = PBXFileReference; lastKnownFileType = text.plist.xml; path = "tipCalculatorTests-Info.plist"; sourceTree = "<group>"; };
		0FA010DF191B6778002CD696 /* en */ = {isa = PBXFileReference; lastKnownFileType = text.plist.strings; name = en; path = en.lproj/InfoPlist.strings; sourceTree = "<group>"; };
		0FA010E1191B6778002CD696 /* tipCalculatorTests.m */ = {isa = PBXFileReference; lastKnownFileType = sourcecode.c.objc; path = tipCalculatorTests.m; sourceTree = "<group>"; };
/* End PBXFileReference section */

/* Begin PBXFrameworksBuildPhase section */
		0FA010B6191B6778002CD696 /* Frameworks */ = {
			isa = PBXFrameworksBuildPhase;
			buildActionMask = 2147483647;
			files = (
				0FA010BF191B6778002CD696 /* CoreGraphics.framework in Frameworks */,
				0FA010C1191B6778002CD696 /* UIKit.framework in Frameworks */,
				0FA010BD191B6778002CD696 /* Foundation.framework in Frameworks */,
			);
			runOnlyForDeploymentPostprocessing = 0;
		};
		0FA010D1191B6778002CD696 /* Frameworks */ = {
			isa = PBXFrameworksBuildPhase;
			buildActionMask = 2147483647;
			files = (
				0FA010D6191B6778002CD696 /* XCTest.framework in Frameworks */,
				0FA010D8191B6778002CD696 /* UIKit.framework in Frameworks */,
				0FA010D7191B6778002CD696 /* Foundation.framework in Frameworks */,
			);
			runOnlyForDeploymentPostprocessing = 0;
		};
/* End PBXFrameworksBuildPhase section */

/* Begin PBXGroup section */
		0FA010B0191B6778002CD696 = {
			isa = PBXGroup;
			children = (
				0FA010C2191B6778002CD696 /* tipCalculator */,
				0FA010DB191B6778002CD696 /* tipCalculatorTests */,
				0FA010BB191B6778002CD696 /* Frameworks */,
				0FA010BA191B6778002CD696 /* Products */,
			);
			sourceTree = "<group>";
		};
		0FA010BA191B6778002CD696 /* Products */ = {
			isa = PBXGroup;
			children = (
				0FA010B9191B6778002CD696 /* tipCalculator.app */,
				0FA010D4191B6778002CD696 /* tipCalculatorTests.xctest */,
			);
			name = Products;
			sourceTree = "<group>";
		};
		0FA010BB191B6778002CD696 /* Frameworks */ = {
			isa = PBXGroup;
			children = (
				0FA010BC191B6778002CD696 /* Foundation.framework */,
				0FA010BE191B6778002CD696 /* CoreGraphics.framework */,
				0FA010C0191B6778002CD696 /* UIKit.framework */,
				0FA010D5191B6778002CD696 /* XCTest.framework */,
			);
			name = Frameworks;
			sourceTree = "<group>";
		};
		0FA010C2191B6778002CD696 /* tipCalculator */ = {
			isa = PBXGroup;
			children = (
				0FA010CB191B6778002CD696 /* AppDelegate.h */,
				0FA010CC191B6778002CD696 /* AppDelegate.m */,
				0FA010CE191B6778002CD696 /* Images.xcassets */,
				0FA010C3191B6778002CD696 /* Supporting Files */,
			);
			path = tipCalculator;
			sourceTree = "<group>";
		};
		0FA010C3191B6778002CD696 /* Supporting Files */ = {
			isa = PBXGroup;
			children = (
				0FA010C4191B6778002CD696 /* tipCalculator-Info.plist */,
				0FA010C5191B6778002CD696 /* InfoPlist.strings */,
				0FA010C8191B6778002CD696 /* main.m */,
				0FA010CA191B6778002CD696 /* tipCalculator-Prefix.pch */,
			);
			name = "Supporting Files";
			sourceTree = "<group>";
		};
		0FA010DB191B6778002CD696 /* tipCalculatorTests */ = {
			isa = PBXGroup;
			children = (
				0FA010E1191B6778002CD696 /* tipCalculatorTests.m */,
				0FA010DC191B6778002CD696 /* Supporting Files */,
			);
			path = tipCalculatorTests;
			sourceTree = "<group>";
		};
		0FA010DC191B6778002CD696 /* Supporting Files */ = {
			isa = PBXGroup;
			children = (
				0FA010DD191B6778002CD696 /* tipCalculatorTests-Info.plist */,
				0FA010DE191B6778002CD696 /* InfoPlist.strings */,
			);
			name = "Supporting Files";
			sourceTree = "<group>";
		};
/* End PBXGroup section */

/* Begin PBXNativeTarget section */
		0FA010B8191B6778002CD696 /* tipCalculator */ = {
			isa = PBXNativeTarget;
			buildConfigurationList = 0FA010E5191B6778002CD696 /* Build configuration list for PBXNativeTarget "tipCalculator" */;
			buildPhases = (
				0FA010B5191B6778002CD696 /* Sources */,
				0FA010B6191B6778002CD696 /* Frameworks */,
				0FA010B7191B6778002CD696 /* Resources */,
			);
			buildRules = (
			);
			dependencies = (
			);
			name = tipCalculator;
			productName = tipCalculator;
			productReference = 0FA010B9191B6778002CD696 /* tipCalculator.app */;
			productType = "com.apple.product-type.application";
		};
		0FA010D3191B6778002CD696 /* tipCalculatorTests */ = {
			isa = PBXNativeTarget;
			buildConfigurationList = 0FA010E8191B6778002CD696 /* Build configuration list for PBXNativeTarget "tipCalculatorTests" */;
			buildPhases = (
				0FA010D0191B6778002CD696 /* Sources */,
				0FA010D1191B6778002CD696 /* Frameworks */,
				0FA010D2191B6778002CD696 /* Resources */,
			);
			buildRules = (
			);
			dependencies = (
				0FA010DA191B6778002CD696 /* PBXTargetDependency */,
			);
			name = tipCalculatorTests;
			productName = tipCalculatorTests;
			productReference = 0FA010D4191B6778002CD696 /* tipCalculatorTests.xctest */;
			productType = "com.apple.product-type.bundle.unit-test";
		};
/* End PBXNativeTarget section */

/* Begin PBXProject section */
		0FA010B1191B6778002CD696 /* Project object */ = {
			isa = PBXProject;
			attributes = {
				LastUpgradeCheck = 0510;
				ORGANIZATIONNAME = "___FULLUSERNAME___";
				TargetAttributes = {
					0FA010D3191B6778002CD696 = {
						TestTargetID = 0FA010B8191B6778002CD696;
					};
				};
			};
			buildConfigurationList = 0FA010B4191B6778002CD696 /* Build configuration list for PBXProject "tipCalculator" */;
			compatibilityVersion = "Xcode 3.2";
			developmentRegion = English;
			hasScannedForEncodings = 0;
			knownRegions = (
				en,
			);
			mainGroup = 0FA010B0191B6778002CD696;
			productRefGroup = 0FA010BA191B6778002CD696 /* Products */;
			projectDirPath = "";
			projectRoot = "";
			targets = (
				0FA010B8191B6778002CD696 /* tipCalculator */,
				0FA010D3191B6778002CD696 /* tipCalculatorTests */,
			);
		};
/* End PBXProject section */

/* Begin PBXResourcesBuildPhase section */
		0FA010B7191B6778002CD696 /* Resources */ = {
			isa = PBXResourcesBuildPhase;
			buildActionMask = 2147483647;
			files = (
				0FA010C7191B6778002CD696 /* InfoPlist.strings in Resources */,
				0FA010CF191B6778002CD696 /* Images.xcassets in Resources */,
			);
			runOnlyForDeploymentPostprocessing = 0;
		};
		0FA010D2191B6778002CD696 /* Resources */ = {
			isa = PBXResourcesBuildPhase;
			buildActionMask = 2147483647;
			files = (
				0FA010E0191B6778002CD696 /* InfoPlist.strings in Resources */,
			);
			runOnlyForDeploymentPostprocessing = 0;
		};
/* End PBXResourcesBuildPhase section */

/* Begin PBXSourcesBuildPhase section */
		0FA010B5191B6778002CD696 /* Sources */ = {
			isa = PBXSourcesBuildPhase;
			buildActionMask = 2147483647;
			files = (
				0FA010CD191B6778002CD696 /* AppDelegate.m in Sources */,
				0FA010C9191B6778002CD696 /* main.m in Sources */,
			);
			runOnlyForDeploymentPostprocessing = 0;
		};
		0FA010D0191B6778002CD696 /* Sources */ = {
			isa = PBXSourcesBuildPhase;
			buildActionMask = 2147483647;
			files = (
				0FA010E2191B6778002CD696 /* tipCalculatorTests.m in Sources */,
			);
			runOnlyForDeploymentPostprocessing = 0;
		};
/* End PBXSourcesBuildPhase section */

/* Begin PBXTargetDependency section */
		0FA010DA191B6778002CD696 /* PBXTargetDependency */ = {
			isa = PBXTargetDependency;
			target = 0FA010B8191B6778002CD696 /* tipCalculator */;
			targetProxy = 0FA010D9191B6778002CD696 /* PBXContainerItemProxy */;
		};
/* End PBXTargetDependency section */

/* Begin PBXVariantGroup section */
		0FA010C5191B6778002CD696 /* InfoPlist.strings */ = {
			isa = PBXVariantGroup;
			children = (
				0FA010C6191B6778002CD696 /* en */,
			);
			name = InfoPlist.strings;
			sourceTree = "<group>";
		};
		0FA010DE191B6778002CD696 /* InfoPlist.strings */ = {
			isa = PBXVariantGroup;
			children = (
				0FA010DF191B6778002CD696 /* en */,
			);
			name = InfoPlist.strings;
			sourceTree = "<group>";
		};
/* End PBXVariantGroup section */

/* Begin XCBuildConfiguration section */
		0FA010E3191B6778002CD696 /* Debug */ = {
			isa = XCBuildConfiguration;
			buildSettings = {
				ALWAYS_SEARCH_USER_PATHS = NO;
				CLANG_CXX_LANGUAGE_STANDARD = "gnu++0x";
				CLANG_CXX_LIBRARY = "libc++";
				CLANG_ENABLE_MODULES = YES;
				CLANG_ENABLE_OBJC_ARC = YES;
				CLANG_WARN_BOOL_CONVERSION = YES;
				CLANG_WARN_CONSTANT_CONVERSION = YES;
				CLANG_WARN_DIRECT_OBJC_ISA_USAGE = YES_ERROR;
				CLANG_WARN_EMPTY_BODY = YES;
				CLANG_WARN_ENUM_CONVERSION = YES;
				CLANG_WARN_INT_CONVERSION = YES;
				CLANG_WARN_OBJC_ROOT_CLASS = YES_ERROR;
				CLANG_WARN__DUPLICATE_METHOD_MATCH = YES;
				"CODE_SIGN_IDENTITY[sdk=iphoneos*]" = "iPhone Developer";
				COPY_PHASE_STRIP = NO;
				GCC_C_LANGUAGE_STANDARD = gnu99;
				GCC_DYNAMIC_NO_PIC = NO;
				GCC_OPTIMIZATION_LEVEL = 0;
				GCC_PREPROCESSOR_DEFINITIONS = (
					"DEBUG=1",
					"$(inherited)",
				);
				GCC_SYMBOLS_PRIVATE_EXTERN = NO;
				GCC_WARN_64_TO_32_BIT_CONVERSION = YES;
				GCC_WARN_ABOUT_RETURN_TYPE = YES_ERROR;
				GCC_WARN_UNDECLARED_SELECTOR = YES;
				GCC_WARN_UNINITIALIZED_AUTOS = YES_AGGRESSIVE;
				GCC_WARN_UNUSED_FUNCTION = YES;
				GCC_WARN_UNUSED_VARIABLE = YES;
				IPHONEOS_DEPLOYMENT_TARGET = 7.1;
				ONLY_ACTIVE_ARCH = YES;
				SDKROOT = iphoneos;
				TARGETED_DEVICE_FAMILY = "1,2";
			};
			name = Debug;
		};
		0FA010E4191B6778002CD696 /* Release */ = {
			isa = XCBuildConfiguration;
			buildSettings = {
				ALWAYS_SEARCH_USER_PATHS = NO;
				CLANG_CXX_LANGUAGE_STANDARD = "gnu++0x";
				CLANG_CXX_LIBRARY = "libc++";
				CLANG_ENABLE_MODULES = YES;
				CLANG_ENABLE_OBJC_ARC = YES;
				CLANG_WARN_BOOL_CONVERSION = YES;
				CLANG_WARN_CONSTANT_CONVERSION = YES;
				CLANG_WARN_DIRECT_OBJC_ISA_USAGE = YES_ERROR;
				CLANG_WARN_EMPTY_BODY = YES;
				CLANG_WARN_ENUM_CONVERSION = YES;
				CLANG_WARN_INT_CONVERSION = YES;
				CLANG_WARN_OBJC_ROOT_CLASS = YES_ERROR;
				CLANG_WARN__DUPLICATE_METHOD_MATCH = YES;
				"CODE_SIGN_IDENTITY[sdk=iphoneos*]" = "iPhone Developer";
				COPY_PHASE_STRIP = YES;
				ENABLE_NS_ASSERTIONS = NO;
				GCC_C_LANGUAGE_STANDARD = gnu99;
				GCC_WARN_64_TO_32_BIT_CONVERSION = YES;
				GCC_WARN_ABOUT_RETURN_TYPE = YES_ERROR;
				GCC_WARN_UNDECLARED_SELECTOR = YES;
				GCC_WARN_UNINITIALIZED_AUTOS = YES_AGGRESSIVE;
				GCC_WARN_UNUSED_FUNCTION = YES;
				GCC_WARN_UNUSED_VARIABLE = YES;
				IPHONEOS_DEPLOYMENT_TARGET = 7.1;
				SDKROOT = iphoneos;
				TARGETED_DEVICE_FAMILY = "1,2";
				VALIDATE_PRODUCT = YES;
			};
			name = Release;
		};
		0FA010E6191B6778002CD696 /* Debug */ = {
			isa = XCBuildConfiguration;
			buildSettings = {
				ASSETCATALOG_COMPILER_APPICON_NAME = AppIcon;
				ASSETCATALOG_COMPILER_LAUNCHIMAGE_NAME = LaunchImage;
				GCC_PRECOMPILE_PREFIX_HEADER = YES;
				GCC_PREFIX_HEADER = "tipCalculator/tipCalculator-Prefix.pch";
				INFOPLIST_FILE = "tipCalculator/tipCalculator-Info.plist";
				PRODUCT_NAME = "$(TARGET_NAME)";
				WRAPPER_EXTENSION = app;
			};
			name = Debug;
		};
		0FA010E7191B6778002CD696 /* Release */ = {
			isa = XCBuildConfiguration;
			buildSettings = {
				ASSETCATALOG_COMPILER_APPICON_NAME = AppIcon;
				ASSETCATALOG_COMPILER_LAUNCHIMAGE_NAME = LaunchImage;
				GCC_PRECOMPILE_PREFIX_HEADER = YES;
				GCC_PREFIX_HEADER = "tipCalculator/tipCalculator-Prefix.pch";
				INFOPLIST_FILE = "tipCalculator/tipCalculator-Info.plist";
				PRODUCT_NAME = "$(TARGET_NAME)";
				WRAPPER_EXTENSION = app;
			};
			name = Release;
		};
		0FA010E9191B6778002CD696 /* Debug */ = {
			isa = XCBuildConfiguration;
			buildSettings = {
				BUNDLE_LOADER = "$(BUILT_PRODUCTS_DIR)/tipCalculator.app/tipCalculator";
				FRAMEWORK_SEARCH_PATHS = (
					"$(SDKROOT)/Developer/Library/Frameworks",
					"$(inherited)",
					"$(DEVELOPER_FRAMEWORKS_DIR)",
				);
				GCC_PRECOMPILE_PREFIX_HEADER = YES;
				GCC_PREFIX_HEADER = "tipCalculator/tipCalculator-Prefix.pch";
				GCC_PREPROCESSOR_DEFINITIONS = (
					"DEBUG=1",
					"$(inherited)",
				);
				INFOPLIST_FILE = "tipCalculatorTests/tipCalculatorTests-Info.plist";
				PRODUCT_NAME = "$(TARGET_NAME)";
				TEST_HOST = "$(BUNDLE_LOADER)";
				WRAPPER_EXTENSION = xctest;
			};
			name = Debug;
		};
		0FA010EA191B6778002CD696 /* Release */ = {
			isa = XCBuildConfiguration;
			buildSettings = {
				BUNDLE_LOADER = "$(BUILT_PRODUCTS_DIR)/tipCalculator.app/tipCalculator";
				FRAMEWORK_SEARCH_PATHS = (
					"$(SDKROOT)/Developer/Library/Frameworks",
					"$(inherited)",
					"$(DEVELOPER_FRAMEWORKS_DIR)",
				);
				GCC_PRECOMPILE_PREFIX_HEADER = YES;
				GCC_PREFIX_HEADER = "tipCalculator/tipCalculator-Prefix.pch";
				INFOPLIST_FILE = "tipCalculatorTests/tipCalculatorTests-Info.plist";
				PRODUCT_NAME = "$(TARGET_NAME)";
				TEST_HOST = "$(BUNDLE_LOADER)";
				WRAPPER_EXTENSION = xctest;
			};
			name = Release;
		};
/* End XCBuildConfiguration section */

/* Begin XCConfigurationList section */
		0FA010B4191B6778002CD696 /* Build configuration list for PBXProject "tipCalculator" */ = {
			isa = XCConfigurationList;
			buildConfigurations = (
				0FA010E3191B6778002CD696 /* Debug */,
				0FA010E4191B6778002CD696 /* Release */,
			);
			defaultConfigurationIsVisible = 0;
			defaultConfigurationName = Release;
		};
		0FA010E5191B6778002CD696 /* Build configuration list for PBXNativeTarget "tipCalculator" */ = {
			isa = XCConfigurationList;
			buildConfigurations = (
				0FA010E6191B6778002CD696 /* Debug */,
				0FA010E7191B6778002CD696 /* Release */,
			);
			defaultConfigurationIsVisible = 0;
		};
		0FA010E8191B6778002CD696 /* Build configuration list for PBXNativeTarget "tipCalculatorTests" */ = {
			isa = XCConfigurationList;
			buildConfigurations = (
				0FA010E9191B6778002CD696 /* Debug */,
				0FA010EA191B6778002CD696 /* Release */,
			);
			defaultConfigurationIsVisible = 0;
		};
/* End XCConfigurationList section */
	};
	rootObject = 0FA010B1191B6778002CD696 /* Project object */;
}
